
Microsoft Visual Studio Solution File, Format Version 12.00
Project("{FAE04EC0-301F-11D3-BF4B-00C04F79EFBC}") = "LittleLink", "LittleLink\LittleLink.csproj", "{B92413BB-3FF5-44B9-9EC9-D0C429A84C40}"
EndProject
Global
	GlobalSection(SolutionConfigurationPlatforms) = preSolution
		Debug|Any CPU = Debug|Any CPU
		Release|Any CPU = Release|Any CPU
	EndGlobalSection
	GlobalSection(ProjectConfigurationPlatforms) = postSolution
		{B92413BB-3FF5-44B9-9EC9-D0C429A84C40}.Debug|Any CPU.ActiveCfg = Debug|Any CPU
		{B92413BB-3FF5-44B9-9EC9-D0C429A84C40}.Debug|Any CPU.Build.0 = Debug|Any CPU
		{B92413BB-3FF5-44B9-9EC9-D0C429A84C40}.Release|Any CPU.ActiveCfg = Release|Any CPU
		{B92413BB-3FF5-44B9-9EC9-D0C429A84C40}.Release|Any CPU.Build.0 = Release|Any CPU
	EndGlobalSection
EndGlobal
